
Microsoft Visual Studio Solution File, Format Version 12.00
# Visual Studio Version 16
VisualStudioVersion = 16.0.32002.261
MinimumVisualStudioVersion = 10.0.40219.1
Project("{FAE04EC0-301F-11D3-BF4B-00C04F79EFBC}") = "assignment-1-book-management-mvc", "assignment-1-book-management-mvc\assignment-1-book-management-mvc.csproj", "{36C012E8-3E58-4151-885C-749233D5C23B}"
EndProject
Global
	GlobalSection(SolutionConfigurationPlatforms) = preSolution
		Debug|Any CPU = Debug|Any CPU
		Release|Any CPU = Release|Any CPU
	EndGlobalSection
	GlobalSection(ProjectConfigurationPlatforms) = postSolution
		{36C012E8-3E58-4151-885C-749233D5C23B}.Debug|Any CPU.ActiveCfg = Debug|Any CPU
		{36C012E8-3E58-4151-885C-749233D5C23B}.Debug|Any CPU.Build.0 = Debug|Any CPU
		{36C012E8-3E58-4151-885C-749233D5C23B}.Release|Any CPU.ActiveCfg = Release|Any CPU
		{36C012E8-3E58-4151-885C-749233D5C23B}.Release|Any CPU.Build.0 = Release|Any CPU
	EndGlobalSection
	GlobalSection(SolutionProperties) = preSolution
		HideSolutionNode = FALSE
	EndGlobalSection
	GlobalSection(ExtensibilityGlobals) = postSolution
		SolutionGuid = {A579AC8D-5F69-412A-9178-AFC8348CA554}
	EndGlobalSection
EndGlobal
